PODS:
  - lottie-ios (3.5.0)
  - MTDMulticastDelegate (1.0.1)
  - SCNRecorder (2.8.1):
    - MTDMulticastDelegate
  - SnapKit (5.6.0)

DEPENDENCIES:
  - lottie-ios
  - SCNRecorder
  - SnapKit

SPEC REPOS:
  trunk:
    - lottie-ios
    - MTDMulticastDelegate
    - SCNRecorder
    - SnapKit

SPEC CHECKSUMS:
  lottie-ios: c55158d67d0629a260625cc2ded2052b829e3c3e
  MTDMulticastDelegate: dcedff914c281710e3faa64b79ff775741f25b4b
  SCNRecorder: dd694ba1c5cd541a58f0794a45d70262109c7024
  SnapKit: e01d52ebb8ddbc333eefe2132acf85c8227d9c25

PODFILE CHECKSUM: 0b7186378d7e54248e3fc135eec7862944885f06

COCOAPODS: 1.11.3
